github.com/famz/SetLocale v0.0.0-20140414113655-0457ad1065dd h1:AwrM2Zy3xXTjdGwwxxzhFNBME1DtXuW+/ThEnGmW4M4=
github.com/famz/SetLocale v0.0.0-20140414113655-0457ad1065dd/go.mod h1:GNjuOaiKbnzrSsZeuQqVD+sBwmEQ7pPhnZS4zfUbmPk=
github.com/rthornton128/goncurses v0.0.0-20231014161942-82671379df88 h1:bNvZ7P4l4rvg1O3qNDRJ4FNgKASMoG+V7OIpu4SIkgA=
github.com/rthornton128/goncurses v0.0.0-20231014161942-82671379df88/go.mod h1:AHlKFomPTwmO7H2vL8d7VNrQNQmhMi/DBhDnHRhjbCo=
